<?xml version="1.0" encoding="utf-8"?>
<Project ToolsVersion="4.0" xmlns="http://schemas.microsoft.com/developer/msbuild/2003">
  <ItemGroup>
    <Filter Include="Source Files">
      <UniqueIdentifier>{4FC737F1-C7A5-4376-A066-2A32D752A2FF}</UniqueIdentifier>
      <Extensions>cpp;c;cc;cxx;c++;def;odl;idl;hpj;bat;asm;asmx</Extensions>
    </Filter>
    <Filter Include="Header Files">
      <UniqueIdentifier>{93995380-89BD-4b04-88EB-625FBE52EBFB}</UniqueIdentifier>
      <Extensions>h;hh;hpp;hxx;h++;hm;inl;inc;ipp;xsd</Extensions>
    </Filter>
    <Filter Include="Resource Files">
      <UniqueIdentifier>{67DA6AB6-F800-4c08-8B7A-83BB121AAD01}</UniqueIdentifier>
      <Extensions>rc;ico;cur;bmp;dlg;rc2;rct;bin;rgs;gif;jpg;jpeg;jpe;resx;tiff;tif;png;wav;mfcribbon-ms</Extensions>
    </Filter>
  </ItemGroup>
  <ItemGroup>
    <ClCompile Include="MRKMain.cpp">
      <Filter>Source Files</Filter>
    </ClCompile>
    <ClCompile Include="MRKLog.cpp">
      <Filter>Source Files</Filter>
    </ClCompile>
    <ClCompile Include="MRKXCPP.cpp">
      <Filter>Source Files</Filter>
    </ClCompile>
    <ClCompile Include="MRKXCPPBackendMono.cpp">
      <Filter>Source Files</Filter>
    </ClCompile>
    <ClCompile Include="MRKCodeWriter.cpp">
      <Filter>Source Files</Filter>
    </ClCompile>
  </ItemGroup>
  <ItemGroup>
    <ClInclude Include="MRKCommon.h">
      <Filter>Header Files</Filter>
    </ClInclude>
    <ClInclude Include="MRKLog.h">
      <Filter>Header Files</Filter>
    </ClInclude>
    <ClInclude Include="Concat.hpp">
      <Filter>Header Files</Filter>
    </ClInclude>
    <ClInclude Include="MRKXCPP.h">
      <Filter>Header Files</Filter>
    </ClInclude>
    <ClInclude Include="MRKXCPPStructs.h">
      <Filter>Header Files</Filter>
    </ClInclude>
    <ClInclude Include="MRKAlloc.hpp">
      <Filter>Header Files</Filter>
    </ClInclude>
    <ClInclude Include="MRKXCPPBackend.h">
      <Filter>Header Files</Filter>
    </ClInclude>
    <ClInclude Include="MRKCodeWriter.h">
      <Filter>Header Files</Filter>
    </ClInclude>
  </ItemGroup>
</Project>